{
  "version": 4,
  "terraform_version": "1.10.5",
  "serial": 3,
  "lineage": "4a964851-2fa0-5c92-d40a-ed83366e4482",
  "outputs": {},
  "resources": [
    {
      "mode": "managed",
      "type": "aws_instance",
      "name": "web",
      "provider": "provider[\"registry.terraform.io/hashicorp/aws\"]",
      "instances": [
        {
          "schema_version": 1,
          "attributes": {
            "ami": "ami-018875e7376831abe",
            "arn": "arn:aws:ec2:us-east-2:864899831597:instance/i-02c2fae91ca821bb3",
            "associate_public_ip_address": true,
            "availability_zone": "us-east-2a",
            "capacity_reservation_specification": [
              {
                "capacity_reservation_preference": "open",
                "capacity_reservation_target": []
              }
            ],
            "cpu_core_count": 1,
            "cpu_options": [
              {
                "amd_sev_snp": "",
                "core_count": 1,
                "threads_per_core": 1
              }
            ],
            "cpu_threads_per_core": 1,
            "credit_specification": [
              {
                "cpu_credits": "standard"
              }
            ],
            "disable_api_stop": false,
            "disable_api_termination": false,
            "ebs_block_device": [],
            "ebs_optimized": false,
            "enable_primary_ipv6": null,
            "enclave_options": [
              {
                "enabled": false
              }
            ],
            "ephemeral_block_device": [],
            "get_password_data": false,
            "hibernation": false,
            "host_id": "",
            "host_resource_group_arn": null,
            "iam_instance_profile": "",
            "id": "i-02c2fae91ca821bb3",
            "instance_initiated_shutdown_behavior": "stop",
            "instance_lifecycle": "",
            "instance_market_options": [],
            "instance_state": "running",
            "instance_type": "t2.micro",
            "ipv6_address_count": 0,
            "ipv6_addresses": [],
            "key_name": "",
            "launch_template": [],
            "maintenance_options": [
              {
                "auto_recovery": "default"
              }
            ],
            "metadata_options": [
              {
                "http_endpoint": "enabled",
                "http_protocol_ipv6": "disabled",
                "http_put_response_hop_limit": 2,
                "http_tokens": "required",
                "instance_metadata_tags": "disabled"
              }
            ],
            "monitoring": false,
            "network_interface": [],
            "outpost_arn": "",
            "password_data": "",
            "placement_group": "",
            "placement_partition_number": 0,
            "primary_network_interface_id": "eni-04060678592e60312",
            "private_dns": "ip-172-31-7-75.us-east-2.compute.internal",
            "private_dns_name_options": [
              {
                "enable_resource_name_dns_a_record": false,
                "enable_resource_name_dns_aaaa_record": false,
                "hostname_type": "ip-name"
              }
            ],
            "private_ip": "172.31.7.75",
            "public_dns": "ec2-18-220-85-48.us-east-2.compute.amazonaws.com",
            "public_ip": "18.220.85.48",
            "root_block_device": [
              {
                "delete_on_termination": true,
                "device_name": "/dev/xvda",
                "encrypted": false,
                "iops": 3000,
                "kms_key_id": "",
                "tags": {},
                "tags_all": {},
                "throughput": 125,
                "volume_id": "vol-0474567d05d442753",
                "volume_size": 8,
                "volume_type": "gp3"
              }
            ],
            "secondary_private_ips": [],
            "security_groups": [
              "default"
            ],
            "source_dest_check": true,
            "spot_instance_request_id": "",
            "subnet_id": "subnet-0ecb3dfd36658459d",
            "tags": {
              "Name": "Servidor-Apache"
            },
            "tags_all": {
              "Name": "Servidor-Apache"
            },
            "tenancy": "default",
            "timeouts": null,
            "user_data": "14f1b44b6719b66cae1700198728fb21f3901ea8",
            "user_data_base64": null,
            "user_data_replace_on_change": false,
            "volume_tags": null,
            "vpc_security_group_ids": [
              "sg-0174d62cf0728e3ed"
            ]
          },
          "sensitive_attributes": [],
          "private": "eyJlMmJmYjczMC1lY2FhLTExZTYtOGY4OC0zNDM2M2JjN2M0YzAiOnsiY3JlYXRlIjo2MDAwMDAwMDAwMDAsImRlbGV0ZSI6MTIwMDAwMDAwMDAwMCwicmVhZCI6OTAwMDAwMDAwMDAwLCJ1cGRhdGUiOjYwMDAwMDAwMDAwMH0sInNjaGVtYV92ZXJzaW9uIjoiMSJ9"
        }
      ]
    },
    {
      "mode": "managed",
      "type": "local_file",
      "name": "prueba",
      "provider": "provider[\"registry.terraform.io/hashicorp/local\"]",
      "instances": [
        {
          "schema_version": 0,
          "attributes": {
            "content": "Hola, esto es una prueba de Terraform local",
            "content_base64": null,
            "content_base64sha256": "VWwSxiHIukgO9KMEeVW3zv8OSqN/tobl0+yCNcr24IE=",
            "content_base64sha512": "wu3GRlXzoA1kAvr+ph0gLPnrO2j0+0hnZL9v27meStxa3qg7LlWreviLYfJarJI+gKQBmHRrSeE/76yhlPNU4A==",
            "content_md5": "c4120602e592a8805ac7906da945ec1f",
            "content_sha1": "43477abfac8521f8976ca70f25a717d17d4130db",
            "content_sha256": "556c12c621c8ba480ef4a3047955b7ceff0e4aa37fb686e5d3ec8235caf6e081",
            "content_sha512": "c2edc64655f3a00d6402fafea61d202cf9eb3b68f4fb486764bf6fdbb99e4adc5adea83b2e55ab7af88b61f25aac923e80a40198746b49e13fefaca194f354e0",
            "directory_permission": "0777",
            "file_permission": "0777",
            "filename": "./prueba.txt",
            "id": "43477abfac8521f8976ca70f25a717d17d4130db",
            "sensitive_content": null,
            "source": null
          },
          "sensitive_attributes": [
            [
              {
                "type": "get_attr",
                "value": "sensitive_content"
              }
            ]
          ]
        }
      ]
    }
  ],
  "check_results": null
}
